PS D:\devops_quiz-main\devops_quiz-main> terraform apply --auto-approve
docker_image.node_app: Refreshing state... [id=sha256:512bc7f93b1cd61f26c94e4f2b809fcfa90ef577db27c906c71bf1068c1afa5dnode:18]
docker_container.web_app: Refreshing state... [id=cb7e5c7fbef17527066d9abfdffeefdd3cd7c649b352804918f7428ccb8e777b]

Terraform used the selected providers to generate the following execution plan. Resource actions are indicated with the following symbols:
  + create

Terraform will perform the following actions:

  # docker_container.web_app will be created
  + resource "docker_container" "web_app" {
      + attach                                      = false
      + bridge                                      = (known after apply)
      + command                                     = [
          + "sh",
          + "-c",
          + "npm install && node app.js",
        ]
      + container_logs                              = (known after apply)
      + container_read_refresh_timeout_milliseconds = 15000
      + entrypoint                                  = (known after apply)
      + env                                         = (known after apply)
      + exit_code                                   = (known after apply)
      + hostname                                    = (known after apply)
      + id                                          = (known after apply)
      + image                                       = "node:18"
      + init                                        = (known after apply)
      + ipc_mode                                    = (known after apply)
      + log_driver                                  = (known after apply)
      + logs                                        = false
      + must_run                                    = true
      + name                                        = "my_node_app"
      + network_data                                = (known after apply)
      + read_only                                   = false
      + remove_volumes                              = true
      + restart                                     = "no"
      + rm                                          = false
      + runtime                                     = (known after apply)
      + security_opts                               = (known after apply)
      + shm_size                                    = (known after apply)
      + start                                       = true
      + stdin_open                                  = false
      + stop_signal                                 = (known after apply)
      + stop_timeout                                = (known after apply)
      + tty                                         = false
      + wait                                        = false
      + wait_timeout                                = 60
      + working_dir                                 = "/usr/src/app"

      + healthcheck (known after apply)

      + labels (known after apply)

      + ports {
          + external = 3000
          + internal = 3000
          + ip       = "0.0.0.0"
          + protocol = "tcp"
        }

      + volumes {
          + container_path = "/usr/src/app"
          + host_path      = "D:/devops_quiz-main/devops_quiz-main/app"
            # (2 unchanged attributes hidden)
        }
    }

Plan: 1 to add, 0 to change, 0 to destroy.
docker_container.web_app: Creating...
docker_container.web_app: Creation complete after 1s [id=d797f94e12bbdb390305e7d1f8f50484e2caa4c61202e6bc2e4a965ecf716696]